
Microsoft Visual Studio Solution File, Format Version 12.00
# Visual Studio Version 17
VisualStudioVersion = 17.11.35312.102
MinimumVisualStudioVersion = 10.0.40219.1
Project("{FAE04EC0-301F-11D3-BF4B-00C04F79EFBC}") = "M09T2-Process", "M09T2-Process\M09T2-Process.csproj", "{90A95B41-07C5-406A-AAF6-4F94AF2A1746}"
EndProject
Project("{FAE04EC0-301F-11D3-BF4B-00C04F79EFBC}") = "ThreadPool_Exemple", "ThreadPool_Exemple\ThreadPool_Exemple.csproj", "{1E8452BB-4F98-49B4-A5CF-63E6E9BDC6FC}"
EndProject
Project("{FAE04EC0-301F-11D3-BF4B-00C04F79EFBC}") = "ParalelTasks", "TasksExemples\ParalelTasks.csproj", "{719E3D09-4856-4FD2-AEB9-D5AB0BC95A36}"
EndProject
Project("{FAE04EC0-301F-11D3-BF4B-00C04F79EFBC}") = "AsyncTasks", "AsyncTasks\AsyncTasks.csproj", "{478C6127-9328-44F4-905D-3D8A67688F97}"
EndProject
Project("{FAE04EC0-301F-11D3-BF4B-00C04F79EFBC}") = "M09T2.Activities", "M09T2.Activities\M09T2.Activities.csproj", "{D8B14640-B95A-4787-B529-8D4EEEC8422D}"
EndProject
Global
	GlobalSection(SolutionConfigurationPlatforms) = preSolution
		Debug|Any CPU = Debug|Any CPU
		Release|Any CPU = Release|Any CPU
	EndGlobalSection
	GlobalSection(ProjectConfigurationPlatforms) = postSolution
		{90A95B41-07C5-406A-AAF6-4F94AF2A1746}.Debug|Any CPU.ActiveCfg = Debug|Any CPU
		{90A95B41-07C5-406A-AAF6-4F94AF2A1746}.Debug|Any CPU.Build.0 = Debug|Any CPU
		{90A95B41-07C5-406A-AAF6-4F94AF2A1746}.Release|Any CPU.ActiveCfg = Release|Any CPU
		{90A95B41-07C5-406A-AAF6-4F94AF2A1746}.Release|Any CPU.Build.0 = Release|Any CPU
		{1E8452BB-4F98-49B4-A5CF-63E6E9BDC6FC}.Debug|Any CPU.ActiveCfg = Debug|Any CPU
		{1E8452BB-4F98-49B4-A5CF-63E6E9BDC6FC}.Debug|Any CPU.Build.0 = Debug|Any CPU
		{1E8452BB-4F98-49B4-A5CF-63E6E9BDC6FC}.Release|Any CPU.ActiveCfg = Release|Any CPU
		{1E8452BB-4F98-49B4-A5CF-63E6E9BDC6FC}.Release|Any CPU.Build.0 = Release|Any CPU
		{719E3D09-4856-4FD2-AEB9-D5AB0BC95A36}.Debug|Any CPU.ActiveCfg = Debug|Any CPU
		{719E3D09-4856-4FD2-AEB9-D5AB0BC95A36}.Debug|Any CPU.Build.0 = Debug|Any CPU
		{719E3D09-4856-4FD2-AEB9-D5AB0BC95A36}.Release|Any CPU.ActiveCfg = Release|Any CPU
		{719E3D09-4856-4FD2-AEB9-D5AB0BC95A36}.Release|Any CPU.Build.0 = Release|Any CPU
		{478C6127-9328-44F4-905D-3D8A67688F97}.Debug|Any CPU.ActiveCfg = Debug|Any CPU
		{478C6127-9328-44F4-905D-3D8A67688F97}.Debug|Any CPU.Build.0 = Debug|Any CPU
		{478C6127-9328-44F4-905D-3D8A67688F97}.Release|Any CPU.ActiveCfg = Release|Any CPU
		{478C6127-9328-44F4-905D-3D8A67688F97}.Release|Any CPU.Build.0 = Release|Any CPU
		{D8B14640-B95A-4787-B529-8D4EEEC8422D}.Debug|Any CPU.ActiveCfg = Debug|Any CPU
		{D8B14640-B95A-4787-B529-8D4EEEC8422D}.Debug|Any CPU.Build.0 = Debug|Any CPU
		{D8B14640-B95A-4787-B529-8D4EEEC8422D}.Release|Any CPU.ActiveCfg = Release|Any CPU
		{D8B14640-B95A-4787-B529-8D4EEEC8422D}.Release|Any CPU.Build.0 = Release|Any CPU
	EndGlobalSection
	GlobalSection(SolutionProperties) = preSolution
		HideSolutionNode = FALSE
	EndGlobalSection
	GlobalSection(ExtensibilityGlobals) = postSolution
		SolutionGuid = {0932C109-9EEB-4996-852B-05B28E7DBAE0}
	EndGlobalSection
EndGlobal
